
Microsoft Visual Studio Solution File, Format Version 12.00
# Visual Studio 14
VisualStudioVersion = 14.0.25420.1
MinimumVisualStudioVersion = 10.0.40219.1
Project("{8BC9CEB8-8B4A-11D0-8D11-00A0C91BC942}") = "raaOctaveTool", "raaOctaveTool\raaOctaveTool.vcxproj", "{1A2081B3-2C52-48F4-A33C-5717759F68D8}"
	ProjectSection(ProjectDependencies) = postProject
		{1DD092B8-C15D-4B61-B35F-730AA2A3D3F5} = {1DD092B8-C15D-4B61-B35F-730AA2A3D3F5}
		{B8EF9BFA-F022-4B01-BD0C-EA480D5CCF93} = {B8EF9BFA-F022-4B01-BD0C-EA480D5CCF93}
		{62A4CBFC-2A41-4764-92C7-E63E976D4221} = {62A4CBFC-2A41-4764-92C7-E63E976D4221}
	EndProjectSection
EndProject
Project("{8BC9CEB8-8B4A-11D0-8D11-00A0C91BC942}") = "raaOctaveController", "raaOctaveController\raaOctaveController.vcxproj", "{1DD092B8-C15D-4B61-B35F-730AA2A3D3F5}"
EndProject
Project("{8BC9CEB8-8B4A-11D0-8D11-00A0C91BC942}") = "raaNetworkedOctaveController", "raaNetworkedOctaveController\raaNetworkedOctaveController.vcxproj", "{62A4CBFC-2A41-4764-92C7-E63E976D4221}"
	ProjectSection(ProjectDependencies) = postProject
		{DAAA0385-9AC4-446F-85D7-08A8FF26954A} = {DAAA0385-9AC4-446F-85D7-08A8FF26954A}
		{763F6587-5B16-4756-BF04-ADC6B87E9B68} = {763F6587-5B16-4756-BF04-ADC6B87E9B68}
		{1DD092B8-C15D-4B61-B35F-730AA2A3D3F5} = {1DD092B8-C15D-4B61-B35F-730AA2A3D3F5}
		{B8EF9BFA-F022-4B01-BD0C-EA480D5CCF93} = {B8EF9BFA-F022-4B01-BD0C-EA480D5CCF93}
	EndProjectSection
EndProject
Project("{8BC9CEB8-8B4A-11D0-8D11-00A0C91BC942}") = "raaNetwork", "raaNetwork\raaNetwork.vcxproj", "{DAAA0385-9AC4-446F-85D7-08A8FF26954A}"
EndProject
Project("{8BC9CEB8-8B4A-11D0-8D11-00A0C91BC942}") = "raaOctaveKernel", "raaOctaveKernel\raaOctaveKernel.vcxproj", "{B8EF9BFA-F022-4B01-BD0C-EA480D5CCF93}"
EndProject
Project("{8BC9CEB8-8B4A-11D0-8D11-00A0C91BC942}") = "raaOctaveViewer", "raaOctaveViewer\raaOctaveViewer.vcxproj", "{8899645D-F20E-4E58-8381-A6D28C0448BC}"
	ProjectSection(ProjectDependencies) = postProject
		{A72532CE-E3A1-47AB-8E65-C6B5D8C258C6} = {A72532CE-E3A1-47AB-8E65-C6B5D8C258C6}
	EndProjectSection
EndProject
Project("{8BC9CEB8-8B4A-11D0-8D11-00A0C91BC942}") = "raaOctaveSystem", "raaOctaveSystem\raaOctaveSystem.vcxproj", "{A72532CE-E3A1-47AB-8E65-C6B5D8C258C6}"
	ProjectSection(ProjectDependencies) = postProject
		{DAAA0385-9AC4-446F-85D7-08A8FF26954A} = {DAAA0385-9AC4-446F-85D7-08A8FF26954A}
		{B8EF9BFA-F022-4B01-BD0C-EA480D5CCF93} = {B8EF9BFA-F022-4B01-BD0C-EA480D5CCF93}
		{62A4CBFC-2A41-4764-92C7-E63E976D4221} = {62A4CBFC-2A41-4764-92C7-E63E976D4221}
	EndProjectSection
EndProject
Project("{8BC9CEB8-8B4A-11D0-8D11-00A0C91BC942}") = "raaVRPNClient", "raaVRPNClient\raaVRPNClient.vcxproj", "{763F6587-5B16-4756-BF04-ADC6B87E9B68}"
EndProject
Project("{8BC9CEB8-8B4A-11D0-8D11-00A0C91BC942}") = "raaTestSpace", "raaTestSpace\raaTestSpace.vcxproj", "{B76E2DFE-9EC6-4FF9-B273-7FEEEA88A030}"
EndProject
Global
	GlobalSection(SolutionConfigurationPlatforms) = preSolution
		Debug|x64 = Debug|x64
		Debug|x86 = Debug|x86
		Release|x64 = Release|x64
		Release|x86 = Release|x86
	EndGlobalSection
	GlobalSection(ProjectConfigurationPlatforms) = postSolution
		{1A2081B3-2C52-48F4-A33C-5717759F68D8}.Debug|x64.ActiveCfg = Debug|x64
		{1A2081B3-2C52-48F4-A33C-5717759F68D8}.Debug|x64.Build.0 = Debug|x64
		{1A2081B3-2C52-48F4-A33C-5717759F68D8}.Debug|x86.ActiveCfg = Debug|Win32
		{1A2081B3-2C52-48F4-A33C-5717759F68D8}.Debug|x86.Build.0 = Debug|Win32
		{1A2081B3-2C52-48F4-A33C-5717759F68D8}.Release|x64.ActiveCfg = Release|x64
		{1A2081B3-2C52-48F4-A33C-5717759F68D8}.Release|x64.Build.0 = Release|x64
		{1A2081B3-2C52-48F4-A33C-5717759F68D8}.Release|x86.ActiveCfg = Release|Win32
		{1A2081B3-2C52-48F4-A33C-5717759F68D8}.Release|x86.Build.0 = Release|Win32
		{1DD092B8-C15D-4B61-B35F-730AA2A3D3F5}.Debug|x64.ActiveCfg = Debug|x64
		{1DD092B8-C15D-4B61-B35F-730AA2A3D3F5}.Debug|x64.Build.0 = Debug|x64
		{1DD092B8-C15D-4B61-B35F-730AA2A3D3F5}.Debug|x86.ActiveCfg = Debug|Win32
		{1DD092B8-C15D-4B61-B35F-730AA2A3D3F5}.Debug|x86.Build.0 = Debug|Win32
		{1DD092B8-C15D-4B61-B35F-730AA2A3D3F5}.Release|x64.ActiveCfg = Release|x64
		{1DD092B8-C15D-4B61-B35F-730AA2A3D3F5}.Release|x64.Build.0 = Release|x64
		{1DD092B8-C15D-4B61-B35F-730AA2A3D3F5}.Release|x86.ActiveCfg = Release|Win32
		{1DD092B8-C15D-4B61-B35F-730AA2A3D3F5}.Release|x86.Build.0 = Release|Win32
		{62A4CBFC-2A41-4764-92C7-E63E976D4221}.Debug|x64.ActiveCfg = Debug|x64
		{62A4CBFC-2A41-4764-92C7-E63E976D4221}.Debug|x64.Build.0 = Debug|x64
		{62A4CBFC-2A41-4764-92C7-E63E976D4221}.Debug|x86.ActiveCfg = Debug|Win32
		{62A4CBFC-2A41-4764-92C7-E63E976D4221}.Debug|x86.Build.0 = Debug|Win32
		{62A4CBFC-2A41-4764-92C7-E63E976D4221}.Release|x64.ActiveCfg = Release|x64
		{62A4CBFC-2A41-4764-92C7-E63E976D4221}.Release|x64.Build.0 = Release|x64
		{62A4CBFC-2A41-4764-92C7-E63E976D4221}.Release|x86.ActiveCfg = Release|Win32
		{62A4CBFC-2A41-4764-92C7-E63E976D4221}.Release|x86.Build.0 = Release|Win32
		{DAAA0385-9AC4-446F-85D7-08A8FF26954A}.Debug|x64.ActiveCfg = Debug|x64
		{DAAA0385-9AC4-446F-85D7-08A8FF26954A}.Debug|x64.Build.0 = Debug|x64
		{DAAA0385-9AC4-446F-85D7-08A8FF26954A}.Debug|x86.ActiveCfg = Debug|Win32
		{DAAA0385-9AC4-446F-85D7-08A8FF26954A}.Debug|x86.Build.0 = Debug|Win32
		{DAAA0385-9AC4-446F-85D7-08A8FF26954A}.Release|x64.ActiveCfg = Release|x64
		{DAAA0385-9AC4-446F-85D7-08A8FF26954A}.Release|x64.Build.0 = Release|x64
		{DAAA0385-9AC4-446F-85D7-08A8FF26954A}.Release|x86.ActiveCfg = Release|Win32
		{DAAA0385-9AC4-446F-85D7-08A8FF26954A}.Release|x86.Build.0 = Release|Win32
		{B8EF9BFA-F022-4B01-BD0C-EA480D5CCF93}.Debug|x64.ActiveCfg = Debug|x64
		{B8EF9BFA-F022-4B01-BD0C-EA480D5CCF93}.Debug|x64.Build.0 = Debug|x64
		{B8EF9BFA-F022-4B01-BD0C-EA480D5CCF93}.Debug|x86.ActiveCfg = Debug|Win32
		{B8EF9BFA-F022-4B01-BD0C-EA480D5CCF93}.Debug|x86.Build.0 = Debug|Win32
		{B8EF9BFA-F022-4B01-BD0C-EA480D5CCF93}.Release|x64.ActiveCfg = Release|x64
		{B8EF9BFA-F022-4B01-BD0C-EA480D5CCF93}.Release|x64.Build.0 = Release|x64
		{B8EF9BFA-F022-4B01-BD0C-EA480D5CCF93}.Release|x86.ActiveCfg = Release|Win32
		{B8EF9BFA-F022-4B01-BD0C-EA480D5CCF93}.Release|x86.Build.0 = Release|Win32
		{8899645D-F20E-4E58-8381-A6D28C0448BC}.Debug|x64.ActiveCfg = Debug|x64
		{8899645D-F20E-4E58-8381-A6D28C0448BC}.Debug|x64.Build.0 = Debug|x64
		{8899645D-F20E-4E58-8381-A6D28C0448BC}.Debug|x86.ActiveCfg = Debug|Win32
		{8899645D-F20E-4E58-8381-A6D28C0448BC}.Debug|x86.Build.0 = Debug|Win32
		{8899645D-F20E-4E58-8381-A6D28C0448BC}.Release|x64.ActiveCfg = Release|x64
		{8899645D-F20E-4E58-8381-A6D28C0448BC}.Release|x64.Build.0 = Release|x64
		{8899645D-F20E-4E58-8381-A6D28C0448BC}.Release|x86.ActiveCfg = Release|Win32
		{8899645D-F20E-4E58-8381-A6D28C0448BC}.Release|x86.Build.0 = Release|Win32
		{A72532CE-E3A1-47AB-8E65-C6B5D8C258C6}.Debug|x64.ActiveCfg = Debug|x64
		{A72532CE-E3A1-47AB-8E65-C6B5D8C258C6}.Debug|x64.Build.0 = Debug|x64
		{A72532CE-E3A1-47AB-8E65-C6B5D8C258C6}.Debug|x86.ActiveCfg = Debug|Win32
		{A72532CE-E3A1-47AB-8E65-C6B5D8C258C6}.Debug|x86.Build.0 = Debug|Win32
		{A72532CE-E3A1-47AB-8E65-C6B5D8C258C6}.Release|x64.ActiveCfg = Release|x64
		{A72532CE-E3A1-47AB-8E65-C6B5D8C258C6}.Release|x64.Build.0 = Release|x64
		{A72532CE-E3A1-47AB-8E65-C6B5D8C258C6}.Release|x86.ActiveCfg = Release|Win32
		{A72532CE-E3A1-47AB-8E65-C6B5D8C258C6}.Release|x86.Build.0 = Release|Win32
		{763F6587-5B16-4756-BF04-ADC6B87E9B68}.Debug|x64.ActiveCfg = Debug|x64
		{763F6587-5B16-4756-BF04-ADC6B87E9B68}.Debug|x64.Build.0 = Debug|x64
		{763F6587-5B16-4756-BF04-ADC6B87E9B68}.Debug|x86.ActiveCfg = Debug|Win32
		{763F6587-5B16-4756-BF04-ADC6B87E9B68}.Debug|x86.Build.0 = Debug|Win32
		{763F6587-5B16-4756-BF04-ADC6B87E9B68}.Release|x64.ActiveCfg = Release|x64
		{763F6587-5B16-4756-BF04-ADC6B87E9B68}.Release|x64.Build.0 = Release|x64
		{763F6587-5B16-4756-BF04-ADC6B87E9B68}.Release|x86.ActiveCfg = Release|Win32
		{763F6587-5B16-4756-BF04-ADC6B87E9B68}.Release|x86.Build.0 = Release|Win32
		{B76E2DFE-9EC6-4FF9-B273-7FEEEA88A030}.Debug|x64.ActiveCfg = Debug|x64
		{B76E2DFE-9EC6-4FF9-B273-7FEEEA88A030}.Debug|x64.Build.0 = Debug|x64
		{B76E2DFE-9EC6-4FF9-B273-7FEEEA88A030}.Debug|x86.ActiveCfg = Debug|Win32
		{B76E2DFE-9EC6-4FF9-B273-7FEEEA88A030}.Debug|x86.Build.0 = Debug|Win32
		{B76E2DFE-9EC6-4FF9-B273-7FEEEA88A030}.Release|x64.ActiveCfg = Release|x64
		{B76E2DFE-9EC6-4FF9-B273-7FEEEA88A030}.Release|x64.Build.0 = Release|x64
		{B76E2DFE-9EC6-4FF9-B273-7FEEEA88A030}.Release|x86.ActiveCfg = Release|Win32
		{B76E2DFE-9EC6-4FF9-B273-7FEEEA88A030}.Release|x86.Build.0 = Release|Win32
	EndGlobalSection
	GlobalSection(SolutionProperties) = preSolution
		HideSolutionNode = FALSE
	EndGlobalSection
EndGlobal
